// !$*UTF8*$!
{
	archiveVersion = 1;
	classes = {
	};
	objectVersion = 55;
	objects = {

/* Begin PBXBuildFile section */
		291FBCDB2849BBBC0052E954 /* FaceAvatarApp.swift in Sources */ = {isa = PBXBuildFile; fileRef = 291FBCDA2849BBBC0052E954 /* FaceAvatarApp.swift */; };
		291FBCDD2849BBBC0052E954 /* ContentView.swift in Sources */ = {isa = PBXBuildFile; fileRef = 291FBCDC2849BBBC0052E954 /* ContentView.swift */; };
		291FBCDF2849BBBD0052E954 /* Assets.xcassets in Resources */ = {isa = PBXBuildFile; fileRef = 291FBCDE2849BBBD0052E954 /* Assets.xcassets */; };
		291FBCE22849BBBD0052E954 /* Preview Assets.xcassets in Resources */ = {isa = PBXBuildFile; fileRef = 291FBCE12849BBBD0052E954 /* Preview Assets.xcassets */; };
		291FBCEA2849BBDB0052E954 /* Shapes in Frameworks */ = {isa = PBXBuildFile; productRef = 291FBCE92849BBDB0052E954 /* Shapes */; };
		291FBCEC2849BC130052E954 /* README.md in Resources */ = {isa = PBXBuildFile; fileRef = 291FBCEB2849BC130052E954 /* README.md */; };
		291FBCEE2849BC770052E954 /* Head.swift in Sources */ = {isa = PBXBuildFile; fileRef = 291FBCED2849BC770052E954 /* Head.swift */; };
		291FBCF02849C1F00052E954 /* Eye.swift in Sources */ = {isa = PBXBuildFile; fileRef = 291FBCEF2849C1F00052E954 /* Eye.swift */; };
		291FBCF22849C25D0052E954 /* Avatar.swift in Sources */ = {isa = PBXBuildFile; fileRef = 291FBCF12849C25D0052E954 /* Avatar.swift */; };
		291FBCF42849C79C0052E954 /* Nose.swift in Sources */ = {isa = PBXBuildFile; fileRef = 291FBCF32849C79C0052E954 /* Nose.swift */; };
		291FBCF62849C8700052E954 /* Mouth.swift in Sources */ = {isa = PBXBuildFile; fileRef = 291FBCF52849C8700052E954 /* Mouth.swift */; };
		291FBCF92849CA7A0052E954 /* AvatarParams.swift in Sources */ = {isa = PBXBuildFile; fileRef = 291FBCF82849CA7A0052E954 /* AvatarParams.swift */; };
		291FBCFB2849CC3E0052E954 /* Color+Extensions.swift in Sources */ = {isa = PBXBuildFile; fileRef = 291FBCFA2849CC3E0052E954 /* Color+Extensions.swift */; };
		291FBCFD2849D0D10052E954 /* EyeRegion.swift in Sources */ = {isa = PBXBuildFile; fileRef = 291FBCFC2849D0D10052E954 /* EyeRegion.swift */; };
/* End PBXBuildFile section */

/* Begin PBXFileReference section */
		291FBCD72849BBBC0052E954 /* FaceAvatar.app */ = {isa = PBXFileReference; explicitFileType = wrapper.application; includeInIndex = 0; path = FaceAvatar.app; sourceTree = BUILT_PRODUCTS_DIR; };
		291FBCDA2849BBBC0052E954 /* FaceAvatarApp.swift */ = {isa = PBXFileReference; lastKnownFileType = sourcecode.swift; path = FaceAvatarApp.swift; sourceTree = "<group>"; };
		291FBCDC2849BBBC0052E954 /* ContentView.swift */ = {isa = PBXFileReference; lastKnownFileType = sourcecode.swift; path = ContentView.swift; sourceTree = "<group>"; };
		291FBCDE2849BBBD0052E954 /* Assets.xcassets */ = {isa = PBXFileReference; lastKnownFileType = folder.assetcatalog; path = Assets.xcassets; sourceTree = "<group>"; };
		291FBCE12849BBBD0052E954 /* Preview Assets.xcassets */ = {isa = PBXFileReference; lastKnownFileType = folder.assetcatalog; path = "Preview Assets.xcassets"; sourceTree = "<group>"; };
		291FBCEB2849BC130052E954 /* README.md */ = {isa = PBXFileReference; lastKnownFileType = net.daringfireball.markdown; path = README.md; sourceTree = "<group>"; };
		291FBCED2849BC770052E954 /* Head.swift */ = {isa = PBXFileReference; lastKnownFileType = sourcecode.swift; path = Head.swift; sourceTree = "<group>"; };
		291FBCEF2849C1F00052E954 /* Eye.swift */ = {isa = PBXFileReference; lastKnownFileType = sourcecode.swift; path = Eye.swift; sourceTree = "<group>"; };
		291FBCF12849C25D0052E954 /* Avatar.swift */ = {isa = PBXFileReference; lastKnownFileType = sourcecode.swift; path = Avatar.swift; sourceTree = "<group>"; };
		291FBCF32849C79C0052E954 /* Nose.swift */ = {isa = PBXFileReference; lastKnownFileType = sourcecode.swift; path = Nose.swift; sourceTree = "<group>"; };
		291FBCF52849C8700052E954 /* Mouth.swift */ = {isa = PBXFileReference; lastKnownFileType = sourcecode.swift; path = Mouth.swift; sourceTree = "<group>"; };
		291FBCF82849CA7A0052E954 /* AvatarParams.swift */ = {isa = PBXFileReference; lastKnownFileType = sourcecode.swift; path = AvatarParams.swift; sourceTree = "<group>"; };
		291FBCFA2849CC3E0052E954 /* Color+Extensions.swift */ = {isa = PBXFileReference; lastKnownFileType = sourcecode.swift; path = "Color+Extensions.swift"; sourceTree = "<group>"; };
		291FBCFC2849D0D10052E954 /* EyeRegion.swift */ = {isa = PBXFileReference; lastKnownFileType = sourcecode.swift; path = EyeRegion.swift; sourceTree = "<group>"; };
/* End PBXFileReference section */

/* Begin PBXFrameworksBuildPhase section */
		291FBCD42849BBBC0052E954 /* Frameworks */ = {
			isa = PBXFrameworksBuildPhase;
			buildActionMask = 2147483647;
			files = (
				291FBCEA2849BBDB0052E954 /* Shapes in Frameworks */,
			);
			runOnlyForDeploymentPostprocessing = 0;
		};
/* End PBXFrameworksBuildPhase section */

/* Begin PBXGroup section */
		291FBCCE2849BBBC0052E954 = {
			isa = PBXGroup;
			children = (
				291FBCD92849BBBC0052E954 /* FaceAvatar */,
				291FBCD82849BBBC0052E954 /* Products */,
			);
			sourceTree = "<group>";
		};
		291FBCD82849BBBC0052E954 /* Products */ = {
			isa = PBXGroup;
			children = (
				291FBCD72849BBBC0052E954 /* FaceAvatar.app */,
			);
			name = Products;
			sourceTree = "<group>";
		};
		291FBCD92849BBBC0052E954 /* FaceAvatar */ = {
			isa = PBXGroup;
			children = (
				291FBCFE2849D1F60052E954 /* Extensions */,
				291FBCF72849CA700052E954 /* Model */,
				291FBCFF2849D1FF0052E954 /* Views */,
				291FBCDC2849BBBC0052E954 /* ContentView.swift */,
				291FBCDE2849BBBD0052E954 /* Assets.xcassets */,
				291FBCDA2849BBBC0052E954 /* FaceAvatarApp.swift */,
				291FBCE02849BBBD0052E954 /* Preview Content */,
				291FBCEB2849BC130052E954 /* README.md */,
			);
			path = FaceAvatar;
			sourceTree = "<group>";
		};
		291FBCE02849BBBD0052E954 /* Preview Content */ = {
			isa = PBXGroup;
			children = (
				291FBCE12849BBBD0052E954 /* Preview Assets.xcassets */,
			);
			path = "Preview Content";
			sourceTree = "<group>";
		};
		291FBCF72849CA700052E954 /* Model */ = {
			isa = PBXGroup;
			children = (
				291FBCF82849CA7A0052E954 /* AvatarParams.swift */,
			);
			path = Model;
			sourceTree = "<group>";
		};
		291FBCFE2849D1F60052E954 /* Extensions */ = {
			isa = PBXGroup;
			children = (
				291FBCFA2849CC3E0052E954 /* Color+Extensions.swift */,
			);
			path = Extensions;
			sourceTree = "<group>";
		};
		291FBCFF2849D1FF0052E954 /* Views */ = {
			isa = PBXGroup;
			children = (
				291FBCF12849C25D0052E954 /* Avatar.swift */,
				291FBCED2849BC770052E954 /* Head.swift */,
				291FBCEF2849C1F00052E954 /* Eye.swift */,
				291FBCFC2849D0D10052E954 /* EyeRegion.swift */,
				291FBCF32849C79C0052E954 /* Nose.swift */,
				291FBCF52849C8700052E954 /* Mouth.swift */,
			);
			path = Views;
			sourceTree = "<group>";
		};
/* End PBXGroup section */

/* Begin PBXNativeTarget section */
		291FBCD62849BBBC0052E954 /* FaceAvatar */ = {
			isa = PBXNativeTarget;
			buildConfigurationList = 291FBCE52849BBBD0052E954 /* Build configuration list for PBXNativeTarget "FaceAvatar" */;
			buildPhases = (
				291FBCD32849BBBC0052E954 /* Sources */,
				291FBCD42849BBBC0052E954 /* Frameworks */,
				291FBCD52849BBBC0052E954 /* Resources */,
			);
			buildRules = (
			);
			dependencies = (
			);
			name = FaceAvatar;
			packageProductDependencies = (
				291FBCE92849BBDB0052E954 /* Shapes */,
			);
			productName = FaceAvatar;
			productReference = 291FBCD72849BBBC0052E954 /* FaceAvatar.app */;
			productType = "com.apple.product-type.application";
		};
/* End PBXNativeTarget section */

/* Begin PBXProject section */
		291FBCCF2849BBBC0052E954 /* Project object */ = {
			isa = PBXProject;
			attributes = {
				BuildIndependentTargetsInParallel = 1;
				LastSwiftUpdateCheck = 1330;
				LastUpgradeCheck = 1330;
				TargetAttributes = {
					291FBCD62849BBBC0052E954 = {
						CreatedOnToolsVersion = 13.3;
					};
				};
			};
			buildConfigurationList = 291FBCD22849BBBC0052E954 /* Build configuration list for PBXProject "FaceAvatar" */;
			compatibilityVersion = "Xcode 13.0";
			developmentRegion = en;
			hasScannedForEncodings = 0;
			knownRegions = (
				en,
				Base,
			);
			mainGroup = 291FBCCE2849BBBC0052E954;
			packageReferences = (
				291FBCE82849BBDB0052E954 /* XCRemoteSwiftPackageReference "Shapes" */,
			);
			productRefGroup = 291FBCD82849BBBC0052E954 /* Products */;
			projectDirPath = "";
			projectRoot = "";
			targets = (
				291FBCD62849BBBC0052E954 /* FaceAvatar */,
			);
		};
/* End PBXProject section */

/* Begin PBXResourcesBuildPhase section */
		291FBCD52849BBBC0052E954 /* Resources */ = {
			isa = PBXResourcesBuildPhase;
			buildActionMask = 2147483647;
			files = (
				291FBCEC2849BC130052E954 /* README.md in Resources */,
				291FBCE22849BBBD0052E954 /* Preview Assets.xcassets in Resources */,
				291FBCDF2849BBBD0052E954 /* Assets.xcassets in Resources */,
			);
			runOnlyForDeploymentPostprocessing = 0;
		};
/* End PBXResourcesBuildPhase section */

/* Begin PBXSourcesBuildPhase section */
		291FBCD32849BBBC0052E954 /* Sources */ = {
			isa = PBXSourcesBuildPhase;
			buildActionMask = 2147483647;
			files = (
				291FBCF92849CA7A0052E954 /* AvatarParams.swift in Sources */,
				291FBCEE2849BC770052E954 /* Head.swift in Sources */,
				291FBCFB2849CC3E0052E954 /* Color+Extensions.swift in Sources */,
				291FBCDD2849BBBC0052E954 /* ContentView.swift in Sources */,
				291FBCF42849C79C0052E954 /* Nose.swift in Sources */,
				291FBCFD2849D0D10052E954 /* EyeRegion.swift in Sources */,
				291FBCDB2849BBBC0052E954 /* FaceAvatarApp.swift in Sources */,
				291FBCF22849C25D0052E954 /* Avatar.swift in Sources */,
				291FBCF02849C1F00052E954 /* Eye.swift in Sources */,
				291FBCF62849C8700052E954 /* Mouth.swift in Sources */,
			);
			runOnlyForDeploymentPostprocessing = 0;
		};
/* End PBXSourcesBuildPhase section */

/* Begin XCBuildConfiguration section */
		291FBCE32849BBBD0052E954 /* Debug */ = {
			isa = XCBuildConfiguration;
			buildSettings = {
				ALWAYS_SEARCH_USER_PATHS = NO;
				CLANG_ANALYZER_NONNULL = YES;
				CLANG_ANALYZER_NUMBER_OBJECT_CONVERSION = YES_AGGRESSIVE;
				CLANG_CXX_LANGUAGE_STANDARD = "gnu++17";
				CLANG_ENABLE_MODULES = YES;
				CLANG_ENABLE_OBJC_ARC = YES;
				CLANG_ENABLE_OBJC_WEAK = YES;
				CLANG_WARN_BLOCK_CAPTURE_AUTORELEASING = YES;
				CLANG_WARN_BOOL_CONVERSION = YES;
				CLANG_WARN_COMMA = YES;
				CLANG_WARN_CONSTANT_CONVERSION = YES;
				CLANG_WARN_DEPRECATED_OBJC_IMPLEMENTATIONS = YES;
				CLANG_WARN_DIRECT_OBJC_ISA_USAGE = YES_ERROR;
				CLANG_WARN_DOCUMENTATION_COMMENTS = YES;
				CLANG_WARN_EMPTY_BODY = YES;
				CLANG_WARN_ENUM_CONVERSION = YES;
				CLANG_WARN_INFINITE_RECURSION = YES;
				CLANG_WARN_INT_CONVERSION = YES;
				CLANG_WARN_NON_LITERAL_NULL_CONVERSION = YES;
				CLANG_WARN_OBJC_IMPLICIT_RETAIN_SELF = YES;
				CLANG_WARN_OBJC_LITERAL_CONVERSION = YES;
				CLANG_WARN_OBJC_ROOT_CLASS = YES_ERROR;
				CLANG_WARN_QUOTED_INCLUDE_IN_FRAMEWORK_HEADER = YES;
				CLANG_WARN_RANGE_LOOP_ANALYSIS = YES;
				CLANG_WARN_STRICT_PROTOTYPES = YES;
				CLANG_WARN_SUSPICIOUS_MOVE = YES;
				CLANG_WARN_UNGUARDED_AVAILABILITY = YES_AGGRESSIVE;
				CLANG_WARN_UNREACHABLE_CODE = YES;
				CLANG_WARN__DUPLICATE_METHOD_MATCH = YES;
				COPY_PHASE_STRIP = NO;
				DEBUG_INFORMATION_FORMAT = dwarf;
				ENABLE_STRICT_OBJC_MSGSEND = YES;
				ENABLE_TESTABILITY = YES;
				GCC_C_LANGUAGE_STANDARD = gnu11;
				GCC_DYNAMIC_NO_PIC = NO;
				GCC_NO_COMMON_BLOCKS = YES;
				GCC_OPTIMIZATION_LEVEL = 0;
				GCC_PREPROCESSOR_DEFINITIONS = (
					"DEBUG=1",
					"$(inherited)",
				);
				GCC_WARN_64_TO_32_BIT_CONVERSION = YES;
				GCC_WARN_ABOUT_RETURN_TYPE = YES_ERROR;
				GCC_WARN_UNDECLARED_SELECTOR = YES;
				GCC_WARN_UNINITIALIZED_AUTOS = YES_AGGRESSIVE;
				GCC_WARN_UNUSED_FUNCTION = YES;
				GCC_WARN_UNUSED_VARIABLE = YES;
				IPHONEOS_DEPLOYMENT_TARGET = 15.4;
				MTL_ENABLE_DEBUG_INFO = INCLUDE_SOURCE;
				MTL_FAST_MATH = YES;
				ONLY_ACTIVE_ARCH = YES;
				SDKROOT = iphoneos;
				SWIFT_ACTIVE_COMPILATION_CONDITIONS = DEBUG;
				SWIFT_OPTIMIZATION_LEVEL = "-Onone";
			};
			name = Debug;
		};
		291FBCE42849BBBD0052E954 /* Release */ = {
			isa = XCBuildConfiguration;
			buildSettings = {
				ALWAYS_SEARCH_USER_PATHS = NO;
				CLANG_ANALYZER_NONNULL = YES;
				CLANG_ANALYZER_NUMBER_OBJECT_CONVERSION = YES_AGGRESSIVE;
				CLANG_CXX_LANGUAGE_STANDARD = "gnu++17";
				CLANG_ENABLE_MODULES = YES;
				CLANG_ENABLE_OBJC_ARC = YES;
				CLANG_ENABLE_OBJC_WEAK = YES;
				CLANG_WARN_BLOCK_CAPTURE_AUTORELEASING = YES;
				CLANG_WARN_BOOL_CONVERSION = YES;
				CLANG_WARN_COMMA = YES;
				CLANG_WARN_CONSTANT_CONVERSION = YES;
				CLANG_WARN_DEPRECATED_OBJC_IMPLEMENTATIONS = YES;
				CLANG_WARN_DIRECT_OBJC_ISA_USAGE = YES_ERROR;
				CLANG_WARN_DOCUMENTATION_COMMENTS = YES;
				CLANG_WARN_EMPTY_BODY = YES;
				CLANG_WARN_ENUM_CONVERSION = YES;
				CLANG_WARN_INFINITE_RECURSION = YES;
				CLANG_WARN_INT_CONVERSION = YES;
				CLANG_WARN_NON_LITERAL_NULL_CONVERSION = YES;
				CLANG_WARN_OBJC_IMPLICIT_RETAIN_SELF = YES;
				CLANG_WARN_OBJC_LITERAL_CONVERSION = YES;
				CLANG_WARN_OBJC_ROOT_CLASS = YES_ERROR;
				CLANG_WARN_QUOTED_INCLUDE_IN_FRAMEWORK_HEADER = YES;
				CLANG_WARN_RANGE_LOOP_ANALYSIS = YES;
				CLANG_WARN_STRICT_PROTOTYPES = YES;
				CLANG_WARN_SUSPICIOUS_MOVE = YES;
				CLANG_WARN_UNGUARDED_AVAILABILITY = YES_AGGRESSIVE;
				CLANG_WARN_UNREACHABLE_CODE = YES;
				CLANG_WARN__DUPLICATE_METHOD_MATCH = YES;
				COPY_PHASE_STRIP = NO;
				DEBUG_INFORMATION_FORMAT = "dwarf-with-dsym";
				ENABLE_NS_ASSERTIONS = NO;
				ENABLE_STRICT_OBJC_MSGSEND = YES;
				GCC_C_LANGUAGE_STANDARD = gnu11;
				GCC_NO_COMMON_BLOCKS = YES;
				GCC_WARN_64_TO_32_BIT_CONVERSION = YES;
				GCC_WARN_ABOUT_RETURN_TYPE = YES_ERROR;
				GCC_WARN_UNDECLARED_SELECTOR = YES;
				GCC_WARN_UNINITIALIZED_AUTOS = YES_AGGRESSIVE;
				GCC_WARN_UNUSED_FUNCTION = YES;
				GCC_WARN_UNUSED_VARIABLE = YES;
				IPHONEOS_DEPLOYMENT_TARGET = 15.4;
				MTL_ENABLE_DEBUG_INFO = NO;
				MTL_FAST_MATH = YES;
				SDKROOT = iphoneos;
				SWIFT_COMPILATION_MODE = wholemodule;
				SWIFT_OPTIMIZATION_LEVEL = "-O";
				VALIDATE_PRODUCT = YES;
			};
			name = Release;
		};
		291FBCE62849BBBD0052E954 /* Debug */ = {
			isa = XCBuildConfiguration;
			buildSettings = {
				ASSETCATALOG_COMPILER_APPICON_NAME = AppIcon;
				ASSETCATALOG_COMPILER_GLOBAL_ACCENT_COLOR_NAME = AccentColor;
				CODE_SIGN_STYLE = Automatic;
				CURRENT_PROJECT_VERSION = 1;
				DEVELOPMENT_ASSET_PATHS = "\"FaceAvatar/Preview Content\"";
				ENABLE_PREVIEWS = YES;
				GENERATE_INFOPLIST_FILE = YES;
				INFOPLIST_KEY_UIApplicationSceneManifest_Generation = YES;
				INFOPLIST_KEY_UIApplicationSupportsIndirectInputEvents = YES;
				INFOPLIST_KEY_UILaunchScreen_Generation = YES;
				INFOPLIST_KEY_UISupportedInterfaceOrientations_iPad = "UIInterfaceOrientationPortrait UIInterfaceOrientationPortraitUpsideDown UIInterfaceOrientationLandscapeLeft UIInterfaceOrientationLandscapeRight";
				INFOPLIST_KEY_UISupportedInterfaceOrientations_iPhone = "UIInterfaceOrientationPortrait UIInterfaceOrientationLandscapeLeft UIInterfaceOrientationLandscapeRight";
				LD_RUNPATH_SEARCH_PATHS = (
					"$(inherited)",
					"@executable_path/Frameworks",
				);
				MARKETING_VERSION = 1.0;
				PRODUCT_BUNDLE_IDENTIFIER = com.nutterfi.FaceAvatar;
				PRODUCT_NAME = "$(TARGET_NAME)";
				SWIFT_EMIT_LOC_STRINGS = YES;
				SWIFT_VERSION = 5.0;
				TARGETED_DEVICE_FAMILY = "1,2";
			};
			name = Debug;
		};
		291FBCE72849BBBD0052E954 /* Release */ = {
			isa = XCBuildConfiguration;
			buildSettings = {
				ASSETCATALOG_COMPILER_APPICON_NAME = AppIcon;
				ASSETCATALOG_COMPILER_GLOBAL_ACCENT_COLOR_NAME = AccentColor;
				CODE_SIGN_STYLE = Automatic;
				CURRENT_PROJECT_VERSION = 1;
				DEVELOPMENT_ASSET_PATHS = "\"FaceAvatar/Preview Content\"";
				ENABLE_PREVIEWS = YES;
				GENERATE_INFOPLIST_FILE = YES;
				INFOPLIST_KEY_UIApplicationSceneManifest_Generation = YES;
				INFOPLIST_KEY_UIApplicationSupportsIndirectInputEvents = YES;
				INFOPLIST_KEY_UILaunchScreen_Generation = YES;
				INFOPLIST_KEY_UISupportedInterfaceOrientations_iPad = "UIInterfaceOrientationPortrait UIInterfaceOrientationPortraitUpsideDown UIInterfaceOrientationLandscapeLeft UIInterfaceOrientationLandscapeRight";
				INFOPLIST_KEY_UISupportedInterfaceOrientations_iPhone = "UIInterfaceOrientationPortrait UIInterfaceOrientationLandscapeLeft UIInterfaceOrientationLandscapeRight";
				LD_RUNPATH_SEARCH_PATHS = (
					"$(inherited)",
					"@executable_path/Frameworks",
				);
				MARKETING_VERSION = 1.0;
				PRODUCT_BUNDLE_IDENTIFIER = com.nutterfi.FaceAvatar;
				PRODUCT_NAME = "$(TARGET_NAME)";
				SWIFT_EMIT_LOC_STRINGS = YES;
				SWIFT_VERSION = 5.0;
				TARGETED_DEVICE_FAMILY = "1,2";
			};
			name = Release;
		};
/* End XCBuildConfiguration section */

/* Begin XCConfigurationList section */
		291FBCD22849BBBC0052E954 /* Build configuration list for PBXProject "FaceAvatar" */ = {
			isa = XCConfigurationList;
			buildConfigurations = (
				291FBCE32849BBBD0052E954 /* Debug */,
				291FBCE42849BBBD0052E954 /* Release */,
			);
			defaultConfigurationIsVisible = 0;
			defaultConfigurationName = Release;
		};
		291FBCE52849BBBD0052E954 /* Build configuration list for PBXNativeTarget "FaceAvatar" */ = {
			isa = XCConfigurationList;
			buildConfigurations = (
				291FBCE62849BBBD0052E954 /* Debug */,
				291FBCE72849BBBD0052E954 /* Release */,
			);
			defaultConfigurationIsVisible = 0;
			defaultConfigurationName = Release;
		};
/* End XCConfigurationList section */

/* Begin XCRemoteSwiftPackageReference section */
		291FBCE82849BBDB0052E954 /* XCRemoteSwiftPackageReference "Shapes" */ = {
			isa = XCRemoteSwiftPackageReference;
			repositoryURL = "https://github.com/nutterfi/Shapes";
			requirement = {
				branch = main;
				kind = branch;
			};
		};
/* End XCRemoteSwiftPackageReference section */

/* Begin XCSwiftPackageProductDependency section */
		291FBCE92849BBDB0052E954 /* Shapes */ = {
			isa = XCSwiftPackageProductDependency;
			package = 291FBCE82849BBDB0052E954 /* XCRemoteSwiftPackageReference "Shapes" */;
			productName = Shapes;
		};
/* End XCSwiftPackageProductDependency section */
	};
	rootObject = 291FBCCF2849BBBC0052E954 /* Project object */;
}
